
Microsoft Visual Studio Solution File, Format Version 12.00
# Visual Studio Version 16
VisualStudioVersion = 16.0.31613.86
MinimumVisualStudioVersion = 10.0.40219.1
Project("{FAE04EC0-301F-11D3-BF4B-00C04F79EFBC}") = "Shapes", "Shapes\Shapes.csproj", "{63F7BF99-0DAD-45CE-AC21-879128225DCA}"
EndProject
Global
	GlobalSection(SolutionConfigurationPlatforms) = preSolution
		Debug|Any CPU = Debug|Any CPU
		Release|Any CPU = Release|Any CPU
	EndGlobalSection
	GlobalSection(ProjectConfigurationPlatforms) = postSolution
		{63F7BF99-0DAD-45CE-AC21-879128225DCA}.Debug|Any CPU.ActiveCfg = Debug|Any CPU
		{63F7BF99-0DAD-45CE-AC21-879128225DCA}.Debug|Any CPU.Build.0 = Debug|Any CPU
		{63F7BF99-0DAD-45CE-AC21-879128225DCA}.Release|Any CPU.ActiveCfg = Release|Any CPU
		{63F7BF99-0DAD-45CE-AC21-879128225DCA}.Release|Any CPU.Build.0 = Release|Any CPU
	EndGlobalSection
	GlobalSection(SolutionProperties) = preSolution
		HideSolutionNode = FALSE
	EndGlobalSection
	GlobalSection(ExtensibilityGlobals) = postSolution
		SolutionGuid = {099CD041-368A-4903-8652-32935D477C05}
	EndGlobalSection
EndGlobal
